
Microsoft Visual Studio Solution File, Format Version 12.00
# Visual Studio 15
VisualStudioVersion = 15.0.28307.136
MinimumVisualStudioVersion = 10.0.40219.1
Project("{2150E333-8FDC-42A3-9474-1A3956D46DE8}") = "Solution Items", "Solution Items", "{28859FBD-EA1F-4C8E-8E81-D69FFC19C3E6}"
	ProjectSection(SolutionItems) = preProject
		.editorconfig = .editorconfig
		PagedList.ruleset = PagedList.ruleset
		stylecop.json = stylecop.json
	EndProjectSection
EndProject
Project("{2150E333-8FDC-42A3-9474-1A3956D46DE8}") = "src", "src", "{C2A3D206-ABD6-47EC-BCDB-40EC7C0FF851}"
EndProject
Project("{9A19103F-16F7-4668-BE54-9A1E7A4F7556}") = "AitroSoftware.PagedList", "src\AitroSoftware.PagedList\AitroSoftware.PagedList.csproj", "{72694B56-1462-49E9-A399-DAD9D67C96E4}"
EndProject
Project("{2150E333-8FDC-42A3-9474-1A3956D46DE8}") = "tests", "tests", "{C55CD32E-3707-497A-BC0E-A6785C954B80}"
EndProject
Project("{FAE04EC0-301F-11D3-BF4B-00C04F79EFBC}") = "AitroSoftware.PagedList.Tests", "tests\AitroSoftware.PagedList.Tests\AitroSoftware.PagedList.Tests.csproj", "{94DBA182-8BC6-4EDC-BA1A-284F04953871}"
EndProject
Global
	GlobalSection(SolutionConfigurationPlatforms) = preSolution
		Debug|Any CPU = Debug|Any CPU
		Release|Any CPU = Release|Any CPU
	EndGlobalSection
	GlobalSection(ProjectConfigurationPlatforms) = postSolution
		{72694B56-1462-49E9-A399-DAD9D67C96E4}.Debug|Any CPU.ActiveCfg = Debug|Any CPU
		{72694B56-1462-49E9-A399-DAD9D67C96E4}.Debug|Any CPU.Build.0 = Debug|Any CPU
		{72694B56-1462-49E9-A399-DAD9D67C96E4}.Release|Any CPU.ActiveCfg = Release|Any CPU
		{72694B56-1462-49E9-A399-DAD9D67C96E4}.Release|Any CPU.Build.0 = Release|Any CPU
		{94DBA182-8BC6-4EDC-BA1A-284F04953871}.Debug|Any CPU.ActiveCfg = Debug|Any CPU
		{94DBA182-8BC6-4EDC-BA1A-284F04953871}.Debug|Any CPU.Build.0 = Debug|Any CPU
		{94DBA182-8BC6-4EDC-BA1A-284F04953871}.Release|Any CPU.ActiveCfg = Release|Any CPU
		{94DBA182-8BC6-4EDC-BA1A-284F04953871}.Release|Any CPU.Build.0 = Release|Any CPU
	EndGlobalSection
	GlobalSection(SolutionProperties) = preSolution
		HideSolutionNode = FALSE
	EndGlobalSection
	GlobalSection(NestedProjects) = preSolution
		{72694B56-1462-49E9-A399-DAD9D67C96E4} = {C2A3D206-ABD6-47EC-BCDB-40EC7C0FF851}
		{94DBA182-8BC6-4EDC-BA1A-284F04953871} = {C55CD32E-3707-497A-BC0E-A6785C954B80}
	EndGlobalSection
	GlobalSection(ExtensibilityGlobals) = postSolution
		SolutionGuid = {B95BCAB3-5BD5-400B-8055-5A48D81D4B69}
	EndGlobalSection
EndGlobal
